
Microsoft Visual Studio Solution File, Format Version 12.00
# Visual Studio Version 17
VisualStudioVersion = 17.0.32014.148
MinimumVisualStudioVersion = 10.0.40219.1
Project("{FAE04EC0-301F-11D3-BF4B-00C04F79EFBC}") = "Fieldsandpropertyclasswork", "Fieldsandpropertyclasswork\Fieldsandpropertyclasswork.csproj", "{06C9F6D5-F204-4B0F-938F-03B655C5D013}"
EndProject
Global
	GlobalSection(SolutionConfigurationPlatforms) = preSolution
		Debug|Any CPU = Debug|Any CPU
		Release|Any CPU = Release|Any CPU
	EndGlobalSection
	GlobalSection(ProjectConfigurationPlatforms) = postSolution
		{06C9F6D5-F204-4B0F-938F-03B655C5D013}.Debug|Any CPU.ActiveCfg = Debug|Any CPU
		{06C9F6D5-F204-4B0F-938F-03B655C5D013}.Debug|Any CPU.Build.0 = Debug|Any CPU
		{06C9F6D5-F204-4B0F-938F-03B655C5D013}.Release|Any CPU.ActiveCfg = Release|Any CPU
		{06C9F6D5-F204-4B0F-938F-03B655C5D013}.Release|Any CPU.Build.0 = Release|Any CPU
	EndGlobalSection
	GlobalSection(SolutionProperties) = preSolution
		HideSolutionNode = FALSE
	EndGlobalSection
	GlobalSection(ExtensibilityGlobals) = postSolution
		SolutionGuid = {C3957A24-AABF-437B-9D39-CA0E6C071D61}
	EndGlobalSection
EndGlobal
