
Microsoft Visual Studio Solution File, Format Version 12.00
# Visual Studio Version 17
VisualStudioVersion = 17.0.32014.148
MinimumVisualStudioVersion = 10.0.40219.1
Project("{FAE04EC0-301F-11D3-BF4B-00C04F79EFBC}") = "Phone book app", "Phone book app\Phone book app.csproj", "{AECF6F2C-7DA6-4A8E-9B0F-8247CACEDCE9}"
EndProject
Global
	GlobalSection(SolutionConfigurationPlatforms) = preSolution
		Debug|Any CPU = Debug|Any CPU
		Release|Any CPU = Release|Any CPU
	EndGlobalSection
	GlobalSection(ProjectConfigurationPlatforms) = postSolution
		{AECF6F2C-7DA6-4A8E-9B0F-8247CACEDCE9}.Debug|Any CPU.ActiveCfg = Debug|Any CPU
		{AECF6F2C-7DA6-4A8E-9B0F-8247CACEDCE9}.Debug|Any CPU.Build.0 = Debug|Any CPU
		{AECF6F2C-7DA6-4A8E-9B0F-8247CACEDCE9}.Release|Any CPU.ActiveCfg = Release|Any CPU
		{AECF6F2C-7DA6-4A8E-9B0F-8247CACEDCE9}.Release|Any CPU.Build.0 = Release|Any CPU
	EndGlobalSection
	GlobalSection(SolutionProperties) = preSolution
		HideSolutionNode = FALSE
	EndGlobalSection
	GlobalSection(ExtensibilityGlobals) = postSolution
		SolutionGuid = {60F8F876-389D-4385-83DF-6E682A1218B6}
	EndGlobalSection
EndGlobal
