
Microsoft Visual Studio Solution File, Format Version 12.00
# Visual Studio Version 17
VisualStudioVersion = 17.0.32014.148
MinimumVisualStudioVersion = 10.0.40219.1
Project("{FAE04EC0-301F-11D3-BF4B-00C04F79EFBC}") = "Scrambleapp", "Scrambleapp\Scrambleapp.csproj", "{FA819727-B0BB-42F7-B064-E0BD307EDC7D}"
EndProject
Global
	GlobalSection(SolutionConfigurationPlatforms) = preSolution
		Debug|Any CPU = Debug|Any CPU
		Release|Any CPU = Release|Any CPU
	EndGlobalSection
	GlobalSection(ProjectConfigurationPlatforms) = postSolution
		{FA819727-B0BB-42F7-B064-E0BD307EDC7D}.Debug|Any CPU.ActiveCfg = Debug|Any CPU
		{FA819727-B0BB-42F7-B064-E0BD307EDC7D}.Debug|Any CPU.Build.0 = Debug|Any CPU
		{FA819727-B0BB-42F7-B064-E0BD307EDC7D}.Release|Any CPU.ActiveCfg = Release|Any CPU
		{FA819727-B0BB-42F7-B064-E0BD307EDC7D}.Release|Any CPU.Build.0 = Release|Any CPU
	EndGlobalSection
	GlobalSection(SolutionProperties) = preSolution
		HideSolutionNode = FALSE
	EndGlobalSection
	GlobalSection(ExtensibilityGlobals) = postSolution
		SolutionGuid = {63E2BB02-39AF-49CA-BDB0-D791F6A327BC}
	EndGlobalSection
EndGlobal
