
Microsoft Visual Studio Solution File, Format Version 12.00
# Visual Studio Version 17
VisualStudioVersion = 17.0.32014.148
MinimumVisualStudioVersion = 10.0.40219.1
Project("{FAE04EC0-301F-11D3-BF4B-00C04F79EFBC}") = "Classes", "Classes\Classes.csproj", "{287AEDFD-0451-42FC-BBB2-5E505B8CE581}"
EndProject
Global
	GlobalSection(SolutionConfigurationPlatforms) = preSolution
		Debug|Any CPU = Debug|Any CPU
		Release|Any CPU = Release|Any CPU
	EndGlobalSection
	GlobalSection(ProjectConfigurationPlatforms) = postSolution
		{287AEDFD-0451-42FC-BBB2-5E505B8CE581}.Debug|Any CPU.ActiveCfg = Debug|Any CPU
		{287AEDFD-0451-42FC-BBB2-5E505B8CE581}.Debug|Any CPU.Build.0 = Debug|Any CPU
		{287AEDFD-0451-42FC-BBB2-5E505B8CE581}.Release|Any CPU.ActiveCfg = Release|Any CPU
		{287AEDFD-0451-42FC-BBB2-5E505B8CE581}.Release|Any CPU.Build.0 = Release|Any CPU
	EndGlobalSection
	GlobalSection(SolutionProperties) = preSolution
		HideSolutionNode = FALSE
	EndGlobalSection
	GlobalSection(ExtensibilityGlobals) = postSolution
		SolutionGuid = {F8E65DD2-A8EE-4792-9EB7-E7C96C5EB20E}
	EndGlobalSection
EndGlobal
