
Microsoft Visual Studio Solution File, Format Version 12.00
# Visual Studio Version 17
VisualStudioVersion = 17.0.32014.148
MinimumVisualStudioVersion = 10.0.40219.1
Project("{FAE04EC0-301F-11D3-BF4B-00C04F79EFBC}") = "Quize App", "Quize App\Quize App.csproj", "{E093DBBF-32C0-4ECE-BA90-388EC2294EA7}"
EndProject
Global
	GlobalSection(SolutionConfigurationPlatforms) = preSolution
		Debug|Any CPU = Debug|Any CPU
		Release|Any CPU = Release|Any CPU
	EndGlobalSection
	GlobalSection(ProjectConfigurationPlatforms) = postSolution
		{E093DBBF-32C0-4ECE-BA90-388EC2294EA7}.Debug|Any CPU.ActiveCfg = Debug|Any CPU
		{E093DBBF-32C0-4ECE-BA90-388EC2294EA7}.Debug|Any CPU.Build.0 = Debug|Any CPU
		{E093DBBF-32C0-4ECE-BA90-388EC2294EA7}.Release|Any CPU.ActiveCfg = Release|Any CPU
		{E093DBBF-32C0-4ECE-BA90-388EC2294EA7}.Release|Any CPU.Build.0 = Release|Any CPU
	EndGlobalSection
	GlobalSection(SolutionProperties) = preSolution
		HideSolutionNode = FALSE
	EndGlobalSection
	GlobalSection(ExtensibilityGlobals) = postSolution
		SolutionGuid = {07D0B768-2349-4F87-807D-81DA62AB643E}
	EndGlobalSection
EndGlobal
