
Microsoft Visual Studio Solution File, Format Version 12.00
# Visual Studio Version 17
VisualStudioVersion = 17.0.32014.148
MinimumVisualStudioVersion = 10.0.40219.1
Project("{FAE04EC0-301F-11D3-BF4B-00C04F79EFBC}") = "classwork 3", "classwork 3\classwork 3.csproj", "{933F0F7F-28DE-4F40-8632-66C47E24DB8E}"
EndProject
Global
	GlobalSection(SolutionConfigurationPlatforms) = preSolution
		Debug|Any CPU = Debug|Any CPU
		Release|Any CPU = Release|Any CPU
	EndGlobalSection
	GlobalSection(ProjectConfigurationPlatforms) = postSolution
		{933F0F7F-28DE-4F40-8632-66C47E24DB8E}.Debug|Any CPU.ActiveCfg = Debug|Any CPU
		{933F0F7F-28DE-4F40-8632-66C47E24DB8E}.Debug|Any CPU.Build.0 = Debug|Any CPU
		{933F0F7F-28DE-4F40-8632-66C47E24DB8E}.Release|Any CPU.ActiveCfg = Release|Any CPU
		{933F0F7F-28DE-4F40-8632-66C47E24DB8E}.Release|Any CPU.Build.0 = Release|Any CPU
	EndGlobalSection
	GlobalSection(SolutionProperties) = preSolution
		HideSolutionNode = FALSE
	EndGlobalSection
	GlobalSection(ExtensibilityGlobals) = postSolution
		SolutionGuid = {1CCC0111-702B-4D30-A17F-3F530F40B9BF}
	EndGlobalSection
EndGlobal
